
Microsoft Visual Studio Solution File, Format Version 12.00
# Visual Studio Version 17
VisualStudioVersion = 17.1.32328.378
MinimumVisualStudioVersion = 10.0.40219.1
Project("{FAE04EC0-301F-11D3-BF4B-00C04F79EFBC}") = "WebApplication1", "WebApplication1.csproj", "{4C328216-9435-411B-98CF-CD08858E99A9}"
EndProject
Global
	GlobalSection(SolutionConfigurationPlatforms) = preSolution
		Debug|Any CPU = Debug|Any CPU
		Release|Any CPU = Release|Any CPU
	EndGlobalSection
	GlobalSection(ProjectConfigurationPlatforms) = postSolution
		{4C328216-9435-411B-98CF-CD08858E99A9}.Debug|Any CPU.ActiveCfg = Debug|Any CPU
		{4C328216-9435-411B-98CF-CD08858E99A9}.Debug|Any CPU.Build.0 = Debug|Any CPU
		{4C328216-9435-411B-98CF-CD08858E99A9}.Release|Any CPU.ActiveCfg = Release|Any CPU
		{4C328216-9435-411B-98CF-CD08858E99A9}.Release|Any CPU.Build.0 = Release|Any CPU
	EndGlobalSection
	GlobalSection(SolutionProperties) = preSolution
		HideSolutionNode = FALSE
	EndGlobalSection
	GlobalSection(ExtensibilityGlobals) = postSolution
		SolutionGuid = {3F34E3FB-4B42-4711-8820-215EF0664CB6}
	EndGlobalSection
EndGlobal
